
Microsoft Visual Studio Solution File, Format Version 12.00
# Visual Studio 14
VisualStudioVersion = 14.0.25420.1
MinimumVisualStudioVersion = 10.0.40219.1
Project("{FAE04EC0-301F-11D3-BF4B-00C04F79EFBC}") = "IdasLocal", "IdasLocal\IdasLocal.csproj", "{837E91B0-0591-4D00-9C3D-214297A24E39}"
EndProject
Project("{2150E333-8FDC-42A3-9474-1A3956D46DE8}") = ".nuget", ".nuget", "{6F875406-5859-4A78-A665-6B10B849D80C}"
	ProjectSection(SolutionItems) = preProject
		.nuget\NuGet.Config = .nuget\NuGet.Config
		.nuget\NuGet.exe = .nuget\NuGet.exe
		.nuget\NuGet.targets = .nuget\NuGet.targets
	EndProjectSection
EndProject
Project("{8BC9CEB8-8B4A-11D0-8D11-00A0C91BC942}") = "IdasCppServer", "IdasCppServer\IdasCppServer.vcxproj", "{C573F64D-1AF2-45A6-8545-4C01CB736F0B}"
EndProject
Project("{FAE04EC0-301F-11D3-BF4B-00C04F79EFBC}") = "IdasCsServer", "IdasCsServer\IdasCsServer.csproj", "{08D9A282-20A0-431D-8C20-81FFFDECD51B}"
	ProjectSection(ProjectDependencies) = postProject
		{D64A92FD-7243-4B04-B8BE-D623CDADBB20} = {D64A92FD-7243-4B04-B8BE-D623CDADBB20}
	EndProjectSection
EndProject
Project("{8BC9CEB8-8B4A-11D0-8D11-00A0C91BC942}") = "IdasUsbToTdp", "IdasUsbToTdp\IdasUsbToTdp.vcxproj", "{41685BF4-59CE-451E-8628-F40780FB725E}"
EndProject
Project("{8BC9CEB8-8B4A-11D0-8D11-00A0C91BC942}") = "ZwLib", "ZwLib\ZwLib.vcxproj", "{D64A92FD-7243-4B04-B8BE-D623CDADBB20}"
EndProject
Project("{FAE04EC0-301F-11D3-BF4B-00C04F79EFBC}") = "IdasServer", "IdasServer\IdasServer.csproj", "{BF1B30BC-05FC-485C-B43E-904D80E816E1}"
	ProjectSection(ProjectDependencies) = postProject
		{D64A92FD-7243-4B04-B8BE-D623CDADBB20} = {D64A92FD-7243-4B04-B8BE-D623CDADBB20}
	EndProjectSection
EndProject
Project("{FAE04EC0-301F-11D3-BF4B-00C04F79EFBC}") = "IdasConsole", "IdasConsole\IdasConsole.csproj", "{7F2F8FB7-46A8-45A2-ABFD-333E3E80D069}"
	ProjectSection(ProjectDependencies) = postProject
		{D64A92FD-7243-4B04-B8BE-D623CDADBB20} = {D64A92FD-7243-4B04-B8BE-D623CDADBB20}
	EndProjectSection
EndProject
Global
	GlobalSection(SolutionConfigurationPlatforms) = preSolution
		Debug|Any CPU = Debug|Any CPU
		Debug|Mixed Platforms = Debug|Mixed Platforms
		Debug|Win32 = Debug|Win32
		Release|Any CPU = Release|Any CPU
		Release|Mixed Platforms = Release|Mixed Platforms
		Release|Win32 = Release|Win32
	EndGlobalSection
	GlobalSection(ProjectConfigurationPlatforms) = postSolution
		{837E91B0-0591-4D00-9C3D-214297A24E39}.Debug|Any CPU.ActiveCfg = Debug|Any CPU
		{837E91B0-0591-4D00-9C3D-214297A24E39}.Debug|Any CPU.Build.0 = Debug|Any CPU
		{837E91B0-0591-4D00-9C3D-214297A24E39}.Debug|Mixed Platforms.ActiveCfg = Debug|Any CPU
		{837E91B0-0591-4D00-9C3D-214297A24E39}.Debug|Mixed Platforms.Build.0 = Debug|Any CPU
		{837E91B0-0591-4D00-9C3D-214297A24E39}.Debug|Win32.ActiveCfg = Debug|Any CPU
		{837E91B0-0591-4D00-9C3D-214297A24E39}.Debug|Win32.Build.0 = Debug|Any CPU
		{837E91B0-0591-4D00-9C3D-214297A24E39}.Release|Any CPU.ActiveCfg = Release|Any CPU
		{837E91B0-0591-4D00-9C3D-214297A24E39}.Release|Any CPU.Build.0 = Release|Any CPU
		{837E91B0-0591-4D00-9C3D-214297A24E39}.Release|Mixed Platforms.ActiveCfg = Release|Any CPU
		{837E91B0-0591-4D00-9C3D-214297A24E39}.Release|Mixed Platforms.Build.0 = Release|Any CPU
		{837E91B0-0591-4D00-9C3D-214297A24E39}.Release|Win32.ActiveCfg = Release|Any CPU
		{C573F64D-1AF2-45A6-8545-4C01CB736F0B}.Debug|Any CPU.ActiveCfg = Debug|Win32
		{C573F64D-1AF2-45A6-8545-4C01CB736F0B}.Debug|Mixed Platforms.ActiveCfg = Debug|Win32
		{C573F64D-1AF2-45A6-8545-4C01CB736F0B}.Debug|Mixed Platforms.Build.0 = Debug|Win32
		{C573F64D-1AF2-45A6-8545-4C01CB736F0B}.Debug|Win32.ActiveCfg = Debug|Win32
		{C573F64D-1AF2-45A6-8545-4C01CB736F0B}.Debug|Win32.Build.0 = Debug|Win32
		{C573F64D-1AF2-45A6-8545-4C01CB736F0B}.Release|Any CPU.ActiveCfg = Release|Win32
		{C573F64D-1AF2-45A6-8545-4C01CB736F0B}.Release|Mixed Platforms.ActiveCfg = Release|Win32
		{C573F64D-1AF2-45A6-8545-4C01CB736F0B}.Release|Mixed Platforms.Build.0 = Release|Win32
		{C573F64D-1AF2-45A6-8545-4C01CB736F0B}.Release|Win32.ActiveCfg = Release|Win32
		{C573F64D-1AF2-45A6-8545-4C01CB736F0B}.Release|Win32.Build.0 = Release|Win32
		{08D9A282-20A0-431D-8C20-81FFFDECD51B}.Debug|Any CPU.ActiveCfg = Debug|Any CPU
		{08D9A282-20A0-431D-8C20-81FFFDECD51B}.Debug|Any CPU.Build.0 = Debug|Any CPU
		{08D9A282-20A0-431D-8C20-81FFFDECD51B}.Debug|Mixed Platforms.ActiveCfg = Debug|Any CPU
		{08D9A282-20A0-431D-8C20-81FFFDECD51B}.Debug|Mixed Platforms.Build.0 = Debug|Any CPU
		{08D9A282-20A0-431D-8C20-81FFFDECD51B}.Debug|Win32.ActiveCfg = Debug|Any CPU
		{08D9A282-20A0-431D-8C20-81FFFDECD51B}.Debug|Win32.Build.0 = Debug|Any CPU
		{08D9A282-20A0-431D-8C20-81FFFDECD51B}.Release|Any CPU.ActiveCfg = Release|Any CPU
		{08D9A282-20A0-431D-8C20-81FFFDECD51B}.Release|Any CPU.Build.0 = Release|Any CPU
		{08D9A282-20A0-431D-8C20-81FFFDECD51B}.Release|Mixed Platforms.ActiveCfg = Release|Any CPU
		{08D9A282-20A0-431D-8C20-81FFFDECD51B}.Release|Mixed Platforms.Build.0 = Release|Any CPU
		{08D9A282-20A0-431D-8C20-81FFFDECD51B}.Release|Win32.ActiveCfg = Release|Any CPU
		{41685BF4-59CE-451E-8628-F40780FB725E}.Debug|Any CPU.ActiveCfg = Debug|Win32
		{41685BF4-59CE-451E-8628-F40780FB725E}.Debug|Mixed Platforms.ActiveCfg = Debug|Win32
		{41685BF4-59CE-451E-8628-F40780FB725E}.Debug|Mixed Platforms.Build.0 = Debug|Win32
		{41685BF4-59CE-451E-8628-F40780FB725E}.Debug|Win32.ActiveCfg = Debug|Win32
		{41685BF4-59CE-451E-8628-F40780FB725E}.Debug|Win32.Build.0 = Debug|Win32
		{41685BF4-59CE-451E-8628-F40780FB725E}.Release|Any CPU.ActiveCfg = Release|Win32
		{41685BF4-59CE-451E-8628-F40780FB725E}.Release|Mixed Platforms.ActiveCfg = Release|Win32
		{41685BF4-59CE-451E-8628-F40780FB725E}.Release|Mixed Platforms.Build.0 = Release|Win32
		{41685BF4-59CE-451E-8628-F40780FB725E}.Release|Win32.ActiveCfg = Release|Win32
		{41685BF4-59CE-451E-8628-F40780FB725E}.Release|Win32.Build.0 = Release|Win32
		{D64A92FD-7243-4B04-B8BE-D623CDADBB20}.Debug|Any CPU.ActiveCfg = Debug|Win32
		{D64A92FD-7243-4B04-B8BE-D623CDADBB20}.Debug|Mixed Platforms.ActiveCfg = Debug|Win32
		{D64A92FD-7243-4B04-B8BE-D623CDADBB20}.Debug|Mixed Platforms.Build.0 = Debug|Win32
		{D64A92FD-7243-4B04-B8BE-D623CDADBB20}.Debug|Win32.ActiveCfg = Debug|Win32
		{D64A92FD-7243-4B04-B8BE-D623CDADBB20}.Debug|Win32.Build.0 = Debug|Win32
		{D64A92FD-7243-4B04-B8BE-D623CDADBB20}.Release|Any CPU.ActiveCfg = Release|Win32
		{D64A92FD-7243-4B04-B8BE-D623CDADBB20}.Release|Mixed Platforms.ActiveCfg = Release|Win32
		{D64A92FD-7243-4B04-B8BE-D623CDADBB20}.Release|Mixed Platforms.Build.0 = Release|Win32
		{D64A92FD-7243-4B04-B8BE-D623CDADBB20}.Release|Win32.ActiveCfg = Release|Win32
		{D64A92FD-7243-4B04-B8BE-D623CDADBB20}.Release|Win32.Build.0 = Release|Win32
		{BF1B30BC-05FC-485C-B43E-904D80E816E1}.Debug|Any CPU.ActiveCfg = Debug|Any CPU
		{BF1B30BC-05FC-485C-B43E-904D80E816E1}.Debug|Any CPU.Build.0 = Debug|Any CPU
		{BF1B30BC-05FC-485C-B43E-904D80E816E1}.Debug|Mixed Platforms.ActiveCfg = Debug|Any CPU
		{BF1B30BC-05FC-485C-B43E-904D80E816E1}.Debug|Mixed Platforms.Build.0 = Debug|Any CPU
		{BF1B30BC-05FC-485C-B43E-904D80E816E1}.Debug|Win32.ActiveCfg = Debug|Any CPU
		{BF1B30BC-05FC-485C-B43E-904D80E816E1}.Debug|Win32.Build.0 = Debug|Any CPU
		{BF1B30BC-05FC-485C-B43E-904D80E816E1}.Release|Any CPU.ActiveCfg = Release|Any CPU
		{BF1B30BC-05FC-485C-B43E-904D80E816E1}.Release|Any CPU.Build.0 = Release|Any CPU
		{BF1B30BC-05FC-485C-B43E-904D80E816E1}.Release|Mixed Platforms.ActiveCfg = Release|Any CPU
		{BF1B30BC-05FC-485C-B43E-904D80E816E1}.Release|Mixed Platforms.Build.0 = Release|Any CPU
		{BF1B30BC-05FC-485C-B43E-904D80E816E1}.Release|Win32.ActiveCfg = Release|Any CPU
		{BF1B30BC-05FC-485C-B43E-904D80E816E1}.Release|Win32.Build.0 = Release|Any CPU
		{7F2F8FB7-46A8-45A2-ABFD-333E3E80D069}.Debug|Any CPU.ActiveCfg = Debug|Any CPU
		{7F2F8FB7-46A8-45A2-ABFD-333E3E80D069}.Debug|Any CPU.Build.0 = Debug|Any CPU
		{7F2F8FB7-46A8-45A2-ABFD-333E3E80D069}.Debug|Mixed Platforms.ActiveCfg = Debug|Any CPU
		{7F2F8FB7-46A8-45A2-ABFD-333E3E80D069}.Debug|Mixed Platforms.Build.0 = Debug|Any CPU
		{7F2F8FB7-46A8-45A2-ABFD-333E3E80D069}.Debug|Win32.ActiveCfg = Debug|Any CPU
		{7F2F8FB7-46A8-45A2-ABFD-333E3E80D069}.Debug|Win32.Build.0 = Debug|Any CPU
		{7F2F8FB7-46A8-45A2-ABFD-333E3E80D069}.Release|Any CPU.ActiveCfg = Release|Any CPU
		{7F2F8FB7-46A8-45A2-ABFD-333E3E80D069}.Release|Any CPU.Build.0 = Release|Any CPU
		{7F2F8FB7-46A8-45A2-ABFD-333E3E80D069}.Release|Mixed Platforms.ActiveCfg = Release|Any CPU
		{7F2F8FB7-46A8-45A2-ABFD-333E3E80D069}.Release|Mixed Platforms.Build.0 = Release|Any CPU
		{7F2F8FB7-46A8-45A2-ABFD-333E3E80D069}.Release|Win32.ActiveCfg = Release|Any CPU
		{7F2F8FB7-46A8-45A2-ABFD-333E3E80D069}.Release|Win32.Build.0 = Release|Any CPU
	EndGlobalSection
	GlobalSection(SolutionProperties) = preSolution
		HideSolutionNode = FALSE
	EndGlobalSection
EndGlobal
